// !$*UTF8*$!
{
	archiveVersion = 1;
	classes = {
	};
	objectVersion = 55;
	objects = {

/* Begin PBXBuildFile section */
		9371056828F16FE00017BAB5 /* AppDelegate.swift in Sources */ = {isa = PBXBuildFile; fileRef = 9371056728F16FE00017BAB5 /* AppDelegate.swift */; };
		9371056A28F16FE00017BAB5 /* SceneDelegate.swift in Sources */ = {isa = PBXBuildFile; fileRef = 9371056928F16FE00017BAB5 /* SceneDelegate.swift */; };
		9371056C28F16FE00017BAB5 /* ViewController.swift in Sources */ = {isa = PBXBuildFile; fileRef = 9371056B28F16FE00017BAB5 /* ViewController.swift */; };
		9371056F28F16FE00017BAB5 /* Main.storyboard in Resources */ = {isa = PBXBuildFile; fileRef = 9371056D28F16FE00017BAB5 /* Main.storyboard */; };
		9371057128F16FE10017BAB5 /* Assets.xcassets in Resources */ = {isa = PBXBuildFile; fileRef = 9371057028F16FE10017BAB5 /* Assets.xcassets */; };
		9371057428F16FE10017BAB5 /* LaunchScreen.storyboard in Resources */ = {isa = PBXBuildFile; fileRef = 9371057228F16FE10017BAB5 /* LaunchScreen.storyboard */; };
		9371057C28F171E00017BAB5 /* BaseTabBarController.swift in Sources */ = {isa = PBXBuildFile; fileRef = 9371057B28F171E00017BAB5 /* BaseTabBarController.swift */; };
		9371057F28F1A5810017BAB5 /* AppSearchController.swift in Sources */ = {isa = PBXBuildFile; fileRef = 9371057E28F1A5810017BAB5 /* AppSearchController.swift */; };
		9371058228F298DE0017BAB5 /* SearchResultCell.swift in Sources */ = {isa = PBXBuildFile; fileRef = 9371058128F298DE0017BAB5 /* SearchResultCell.swift */; };
		937105C9290933C20017BAB5 /* UIView+Layout.swift in Sources */ = {isa = PBXBuildFile; fileRef = 937105C8290933C10017BAB5 /* UIView+Layout.swift */; };
		937105CB29093AB40017BAB5 /* VerticalStackView.swift in Sources */ = {isa = PBXBuildFile; fileRef = 937105CA29093AB40017BAB5 /* VerticalStackView.swift */; };
		937105CE29097D750017BAB5 /* SearchResult.swift in Sources */ = {isa = PBXBuildFile; fileRef = 937105CD29097D750017BAB5 /* SearchResult.swift */; };
		937105D129099B070017BAB5 /* Service.swift in Sources */ = {isa = PBXBuildFile; fileRef = 937105D029099B070017BAB5 /* Service.swift */; };
		AA6F6D6DAA646FE21A736972 /* Pods_AppStoreJSON.framework in Frameworks */ = {isa = PBXBuildFile; fileRef = 8EFC47DDAABFF9DD98D39167 /* Pods_AppStoreJSON.framework */; };
/* End PBXBuildFile section */

/* Begin PBXFileReference section */
		8EFC47DDAABFF9DD98D39167 /* Pods_AppStoreJSON.framework */ = {isa = PBXFileReference; explicitFileType = wrapper.framework; includeInIndex = 0; path = Pods_AppStoreJSON.framework; sourceTree = BUILT_PRODUCTS_DIR; };
		9371056428F16FE00017BAB5 /* AppStoreJSON.app */ = {isa = PBXFileReference; explicitFileType = wrapper.application; includeInIndex = 0; path = AppStoreJSON.app; sourceTree = BUILT_PRODUCTS_DIR; };
		9371056728F16FE00017BAB5 /* AppDelegate.swift */ = {isa = PBXFileReference; lastKnownFileType = sourcecode.swift; path = AppDelegate.swift; sourceTree = "<group>"; };
		9371056928F16FE00017BAB5 /* SceneDelegate.swift */ = {isa = PBXFileReference; lastKnownFileType = sourcecode.swift; path = SceneDelegate.swift; sourceTree = "<group>"; };
		9371056B28F16FE00017BAB5 /* ViewController.swift */ = {isa = PBXFileReference; lastKnownFileType = sourcecode.swift; path = ViewController.swift; sourceTree = "<group>"; };
		9371056E28F16FE00017BAB5 /* Base */ = {isa = PBXFileReference; lastKnownFileType = file.storyboard; name = Base; path = Base.lproj/Main.storyboard; sourceTree = "<group>"; };
		9371057028F16FE10017BAB5 /* Assets.xcassets */ = {isa = PBXFileReference; lastKnownFileType = folder.assetcatalog; path = Assets.xcassets; sourceTree = "<group>"; };
		9371057328F16FE10017BAB5 /* Base */ = {isa = PBXFileReference; lastKnownFileType = file.storyboard; name = Base; path = Base.lproj/LaunchScreen.storyboard; sourceTree = "<group>"; };
		9371057528F16FE10017BAB5 /* Info.plist */ = {isa = PBXFileReference; lastKnownFileType = text.plist.xml; path = Info.plist; sourceTree = "<group>"; };
		9371057B28F171E00017BAB5 /* BaseTabBarController.swift */ = {isa = PBXFileReference; lastKnownFileType = sourcecode.swift; path = BaseTabBarController.swift; sourceTree = "<group>"; };
		9371057E28F1A5810017BAB5 /* AppSearchController.swift */ = {isa = PBXFileReference; lastKnownFileType = sourcecode.swift; path = AppSearchController.swift; sourceTree = "<group>"; };
		9371058128F298DE0017BAB5 /* SearchResultCell.swift */ = {isa = PBXFileReference; lastKnownFileType = sourcecode.swift; path = SearchResultCell.swift; sourceTree = "<group>"; };
		937105C8290933C10017BAB5 /* UIView+Layout.swift */ = {isa = PBXFileReference; fileEncoding = 4; lastKnownFileType = sourcecode.swift; name = "UIView+Layout.swift"; path = "../../../../Courses/[letsbuildthatapp.com] AppStore JSON APIs/01. Introduction - Setting Up UI/05. Extensions and Helpers for Code Reduction/UIView+Layout.swift"; sourceTree = "<group>"; };
		937105CA29093AB40017BAB5 /* VerticalStackView.swift */ = {isa = PBXFileReference; lastKnownFileType = sourcecode.swift; path = VerticalStackView.swift; sourceTree = "<group>"; };
		937105CD29097D750017BAB5 /* SearchResult.swift */ = {isa = PBXFileReference; lastKnownFileType = sourcecode.swift; path = SearchResult.swift; sourceTree = "<group>"; };
		937105D029099B070017BAB5 /* Service.swift */ = {isa = PBXFileReference; lastKnownFileType = sourcecode.swift; path = Service.swift; sourceTree = "<group>"; };
		B7DA472ACED9A5FE8A8AFC1C /* Pods-AppStoreJSON.debug.xcconfig */ = {isa = PBXFileReference; includeInIndex = 1; lastKnownFileType = text.xcconfig; name = "Pods-AppStoreJSON.debug.xcconfig"; path = "Target Support Files/Pods-AppStoreJSON/Pods-AppStoreJSON.debug.xcconfig"; sourceTree = "<group>"; };
		E1C143AB9694E553238C75CA /* Pods-AppStoreJSON.release.xcconfig */ = {isa = PBXFileReference; includeInIndex = 1; lastKnownFileType = text.xcconfig; name = "Pods-AppStoreJSON.release.xcconfig"; path = "Target Support Files/Pods-AppStoreJSON/Pods-AppStoreJSON.release.xcconfig"; sourceTree = "<group>"; };
/* End PBXFileReference section */

/* Begin PBXFrameworksBuildPhase section */
		9371056128F16FE00017BAB5 /* Frameworks */ = {
			isa = PBXFrameworksBuildPhase;
			buildActionMask = 2147483647;
			files = (
				AA6F6D6DAA646FE21A736972 /* Pods_AppStoreJSON.framework in Frameworks */,
			);
			runOnlyForDeploymentPostprocessing = 0;
		};
/* End PBXFrameworksBuildPhase section */

/* Begin PBXGroup section */
		19B060D876B17C6B316C7D42 /* Frameworks */ = {
			isa = PBXGroup;
			children = (
				8EFC47DDAABFF9DD98D39167 /* Pods_AppStoreJSON.framework */,
			);
			name = Frameworks;
			sourceTree = "<group>";
		};
		7B2ACA2B596F844C2146A597 /* Pods */ = {
			isa = PBXGroup;
			children = (
				B7DA472ACED9A5FE8A8AFC1C /* Pods-AppStoreJSON.debug.xcconfig */,
				E1C143AB9694E553238C75CA /* Pods-AppStoreJSON.release.xcconfig */,
			);
			name = Pods;
			path = Pods;
			sourceTree = "<group>";
		};
		9371055B28F16FE00017BAB5 = {
			isa = PBXGroup;
			children = (
				9371056628F16FE00017BAB5 /* AppStoreJSON */,
				9371056528F16FE00017BAB5 /* Products */,
				7B2ACA2B596F844C2146A597 /* Pods */,
				19B060D876B17C6B316C7D42 /* Frameworks */,
			);
			sourceTree = "<group>";
		};
		9371056528F16FE00017BAB5 /* Products */ = {
			isa = PBXGroup;
			children = (
				9371056428F16FE00017BAB5 /* AppStoreJSON.app */,
			);
			name = Products;
			sourceTree = "<group>";
		};
		9371056628F16FE00017BAB5 /* AppStoreJSON */ = {
			isa = PBXGroup;
			children = (
				937105CF29099AFB0017BAB5 /* Service */,
				937105CC29097D430017BAB5 /* Model */,
				937105C7290933850017BAB5 /* Helpers */,
				9371058028F298B20017BAB5 /* View */,
				9371057D28F1A5290017BAB5 /* Controller */,
				9371056728F16FE00017BAB5 /* AppDelegate.swift */,
				9371056928F16FE00017BAB5 /* SceneDelegate.swift */,
				9371056B28F16FE00017BAB5 /* ViewController.swift */,
				9371056D28F16FE00017BAB5 /* Main.storyboard */,
				9371057028F16FE10017BAB5 /* Assets.xcassets */,
				9371057228F16FE10017BAB5 /* LaunchScreen.storyboard */,
				9371057528F16FE10017BAB5 /* Info.plist */,
			);
			path = AppStoreJSON;
			sourceTree = "<group>";
		};
		9371057D28F1A5290017BAB5 /* Controller */ = {
			isa = PBXGroup;
			children = (
				9371057B28F171E00017BAB5 /* BaseTabBarController.swift */,
				9371057E28F1A5810017BAB5 /* AppSearchController.swift */,
			);
			path = Controller;
			sourceTree = "<group>";
		};
		9371058028F298B20017BAB5 /* View */ = {
			isa = PBXGroup;
			children = (
				9371058128F298DE0017BAB5 /* SearchResultCell.swift */,
			);
			path = View;
			sourceTree = "<group>";
		};
		937105C7290933850017BAB5 /* Helpers */ = {
			isa = PBXGroup;
			children = (
				937105C8290933C10017BAB5 /* UIView+Layout.swift */,
				937105CA29093AB40017BAB5 /* VerticalStackView.swift */,
			);
			path = Helpers;
			sourceTree = "<group>";
		};
		937105CC29097D430017BAB5 /* Model */ = {
			isa = PBXGroup;
			children = (
				937105CD29097D750017BAB5 /* SearchResult.swift */,
			);
			path = Model;
			sourceTree = "<group>";
		};
		937105CF29099AFB0017BAB5 /* Service */ = {
			isa = PBXGroup;
			children = (
				937105D029099B070017BAB5 /* Service.swift */,
			);
			path = Service;
			sourceTree = "<group>";
		};
/* End PBXGroup section */

/* Begin PBXNativeTarget section */
		9371056328F16FE00017BAB5 /* AppStoreJSON */ = {
			isa = PBXNativeTarget;
			buildConfigurationList = 9371057828F16FE10017BAB5 /* Build configuration list for PBXNativeTarget "AppStoreJSON" */;
			buildPhases = (
				FC6722AE45B2CB96F40F1AD0 /* [CP] Check Pods Manifest.lock */,
				9371056028F16FE00017BAB5 /* Sources */,
				9371056128F16FE00017BAB5 /* Frameworks */,
				9371056228F16FE00017BAB5 /* Resources */,
				4C28D6F48369E95E6F9AE439 /* [CP] Embed Pods Frameworks */,
			);
			buildRules = (
			);
			dependencies = (
			);
			name = AppStoreJSON;
			productName = AppStoreJSON;
			productReference = 9371056428F16FE00017BAB5 /* AppStoreJSON.app */;
			productType = "com.apple.product-type.application";
		};
/* End PBXNativeTarget section */

/* Begin PBXProject section */
		9371055C28F16FE00017BAB5 /* Project object */ = {
			isa = PBXProject;
			attributes = {
				BuildIndependentTargetsInParallel = 1;
				LastSwiftUpdateCheck = 1330;
				LastUpgradeCheck = 1330;
				TargetAttributes = {
					9371056328F16FE00017BAB5 = {
						CreatedOnToolsVersion = 13.3;
					};
				};
			};
			buildConfigurationList = 9371055F28F16FE00017BAB5 /* Build configuration list for PBXProject "AppStoreJSON" */;
			compatibilityVersion = "Xcode 13.0";
			developmentRegion = en;
			hasScannedForEncodings = 0;
			knownRegions = (
				en,
				Base,
			);
			mainGroup = 9371055B28F16FE00017BAB5;
			productRefGroup = 9371056528F16FE00017BAB5 /* Products */;
			projectDirPath = "";
			projectRoot = "";
			targets = (
				9371056328F16FE00017BAB5 /* AppStoreJSON */,
			);
		};
/* End PBXProject section */

/* Begin PBXResourcesBuildPhase section */
		9371056228F16FE00017BAB5 /* Resources */ = {
			isa = PBXResourcesBuildPhase;
			buildActionMask = 2147483647;
			files = (
				9371057428F16FE10017BAB5 /* LaunchScreen.storyboard in Resources */,
				9371057128F16FE10017BAB5 /* Assets.xcassets in Resources */,
				9371056F28F16FE00017BAB5 /* Main.storyboard in Resources */,
			);
			runOnlyForDeploymentPostprocessing = 0;
		};
/* End PBXResourcesBuildPhase section */

/* Begin PBXShellScriptBuildPhase section */
		4C28D6F48369E95E6F9AE439 /* [CP] Embed Pods Frameworks */ = {
			isa = PBXShellScriptBuildPhase;
			buildActionMask = 2147483647;
			files = (
			);
			inputFileListPaths = (
				"${PODS_ROOT}/Target Support Files/Pods-AppStoreJSON/Pods-AppStoreJSON-frameworks-${CONFIGURATION}-input-files.xcfilelist",
			);
			name = "[CP] Embed Pods Frameworks";
			outputFileListPaths = (
				"${PODS_ROOT}/Target Support Files/Pods-AppStoreJSON/Pods-AppStoreJSON-frameworks-${CONFIGURATION}-output-files.xcfilelist",
			);
			runOnlyForDeploymentPostprocessing = 0;
			shellPath = /bin/sh;
			shellScript = "\"${PODS_ROOT}/Target Support Files/Pods-AppStoreJSON/Pods-AppStoreJSON-frameworks.sh\"\n";
			showEnvVarsInLog = 0;
		};
		FC6722AE45B2CB96F40F1AD0 /* [CP] Check Pods Manifest.lock */ = {
			isa = PBXShellScriptBuildPhase;
			buildActionMask = 2147483647;
			files = (
			);
			inputFileListPaths = (
			);
			inputPaths = (
				"${PODS_PODFILE_DIR_PATH}/Podfile.lock",
				"${PODS_ROOT}/Manifest.lock",
			);
			name = "[CP] Check Pods Manifest.lock";
			outputFileListPaths = (
			);
			outputPaths = (
				"$(DERIVED_FILE_DIR)/Pods-AppStoreJSON-checkManifestLockResult.txt",
			);
			runOnlyForDeploymentPostprocessing = 0;
			shellPath = /bin/sh;
			shellScript = "diff \"${PODS_PODFILE_DIR_PATH}/Podfile.lock\" \"${PODS_ROOT}/Manifest.lock\" > /dev/null\nif [ $? != 0 ] ; then\n    # print error to STDERR\n    echo \"error: The sandbox is not in sync with the Podfile.lock. Run 'pod install' or update your CocoaPods installation.\" >&2\n    exit 1\nfi\n# This output is used by Xcode 'outputs' to avoid re-running this script phase.\necho \"SUCCESS\" > \"${SCRIPT_OUTPUT_FILE_0}\"\n";
			showEnvVarsInLog = 0;
		};
/* End PBXShellScriptBuildPhase section */

/* Begin PBXSourcesBuildPhase section */
		9371056028F16FE00017BAB5 /* Sources */ = {
			isa = PBXSourcesBuildPhase;
			buildActionMask = 2147483647;
			files = (
				937105C9290933C20017BAB5 /* UIView+Layout.swift in Sources */,
				937105CE29097D750017BAB5 /* SearchResult.swift in Sources */,
				9371057C28F171E00017BAB5 /* BaseTabBarController.swift in Sources */,
				9371057F28F1A5810017BAB5 /* AppSearchController.swift in Sources */,
				9371056C28F16FE00017BAB5 /* ViewController.swift in Sources */,
				9371056828F16FE00017BAB5 /* AppDelegate.swift in Sources */,
				937105CB29093AB40017BAB5 /* VerticalStackView.swift in Sources */,
				937105D129099B070017BAB5 /* Service.swift in Sources */,
				9371058228F298DE0017BAB5 /* SearchResultCell.swift in Sources */,
				9371056A28F16FE00017BAB5 /* SceneDelegate.swift in Sources */,
			);
			runOnlyForDeploymentPostprocessing = 0;
		};
/* End PBXSourcesBuildPhase section */

/* Begin PBXVariantGroup section */
		9371056D28F16FE00017BAB5 /* Main.storyboard */ = {
			isa = PBXVariantGroup;
			children = (
				9371056E28F16FE00017BAB5 /* Base */,
			);
			name = Main.storyboard;
			sourceTree = "<group>";
		};
		9371057228F16FE10017BAB5 /* LaunchScreen.storyboard */ = {
			isa = PBXVariantGroup;
			children = (
				9371057328F16FE10017BAB5 /* Base */,
			);
			name = LaunchScreen.storyboard;
			sourceTree = "<group>";
		};
/* End PBXVariantGroup section */

/* Begin XCBuildConfiguration section */
		9371057628F16FE10017BAB5 /* Debug */ = {
			isa = XCBuildConfiguration;
			buildSettings = {
				ALWAYS_SEARCH_USER_PATHS = NO;
				CLANG_ANALYZER_NONNULL = YES;
				CLANG_ANALYZER_NUMBER_OBJECT_CONVERSION = YES_AGGRESSIVE;
				CLANG_CXX_LANGUAGE_STANDARD = "gnu++17";
				CLANG_ENABLE_MODULES = YES;
				CLANG_ENABLE_OBJC_ARC = YES;
				CLANG_ENABLE_OBJC_WEAK = YES;
				CLANG_WARN_BLOCK_CAPTURE_AUTORELEASING = YES;
				CLANG_WARN_BOOL_CONVERSION = YES;
				CLANG_WARN_COMMA = YES;
				CLANG_WARN_CONSTANT_CONVERSION = YES;
				CLANG_WARN_DEPRECATED_OBJC_IMPLEMENTATIONS = YES;
				CLANG_WARN_DIRECT_OBJC_ISA_USAGE = YES_ERROR;
				CLANG_WARN_DOCUMENTATION_COMMENTS = YES;
				CLANG_WARN_EMPTY_BODY = YES;
				CLANG_WARN_ENUM_CONVERSION = YES;
				CLANG_WARN_INFINITE_RECURSION = YES;
				CLANG_WARN_INT_CONVERSION = YES;
				CLANG_WARN_NON_LITERAL_NULL_CONVERSION = YES;
				CLANG_WARN_OBJC_IMPLICIT_RETAIN_SELF = YES;
				CLANG_WARN_OBJC_LITERAL_CONVERSION = YES;
				CLANG_WARN_OBJC_ROOT_CLASS = YES_ERROR;
				CLANG_WARN_QUOTED_INCLUDE_IN_FRAMEWORK_HEADER = YES;
				CLANG_WARN_RANGE_LOOP_ANALYSIS = YES;
				CLANG_WARN_STRICT_PROTOTYPES = YES;
				CLANG_WARN_SUSPICIOUS_MOVE = YES;
				CLANG_WARN_UNGUARDED_AVAILABILITY = YES_AGGRESSIVE;
				CLANG_WARN_UNREACHABLE_CODE = YES;
				CLANG_WARN__DUPLICATE_METHOD_MATCH = YES;
				COPY_PHASE_STRIP = NO;
				DEBUG_INFORMATION_FORMAT = dwarf;
				ENABLE_STRICT_OBJC_MSGSEND = YES;
				ENABLE_TESTABILITY = YES;
				GCC_C_LANGUAGE_STANDARD = gnu11;
				GCC_DYNAMIC_NO_PIC = NO;
				GCC_NO_COMMON_BLOCKS = YES;
				GCC_OPTIMIZATION_LEVEL = 0;
				GCC_PREPROCESSOR_DEFINITIONS = (
					"DEBUG=1",
					"$(inherited)",
				);
				GCC_WARN_64_TO_32_BIT_CONVERSION = YES;
				GCC_WARN_ABOUT_RETURN_TYPE = YES_ERROR;
				GCC_WARN_UNDECLARED_SELECTOR = YES;
				GCC_WARN_UNINITIALIZED_AUTOS = YES_AGGRESSIVE;
				GCC_WARN_UNUSED_FUNCTION = YES;
				GCC_WARN_UNUSED_VARIABLE = YES;
				IPHONEOS_DEPLOYMENT_TARGET = 15.4;
				MTL_ENABLE_DEBUG_INFO = INCLUDE_SOURCE;
				MTL_FAST_MATH = YES;
				ONLY_ACTIVE_ARCH = YES;
				SDKROOT = iphoneos;
				SWIFT_ACTIVE_COMPILATION_CONDITIONS = DEBUG;
				SWIFT_OPTIMIZATION_LEVEL = "-Onone";
			};
			name = Debug;
		};
		9371057728F16FE10017BAB5 /* Release */ = {
			isa = XCBuildConfiguration;
			buildSettings = {
				ALWAYS_SEARCH_USER_PATHS = NO;
				CLANG_ANALYZER_NONNULL = YES;
				CLANG_ANALYZER_NUMBER_OBJECT_CONVERSION = YES_AGGRESSIVE;
				CLANG_CXX_LANGUAGE_STANDARD = "gnu++17";
				CLANG_ENABLE_MODULES = YES;
				CLANG_ENABLE_OBJC_ARC = YES;
				CLANG_ENABLE_OBJC_WEAK = YES;
				CLANG_WARN_BLOCK_CAPTURE_AUTORELEASING = YES;
				CLANG_WARN_BOOL_CONVERSION = YES;
				CLANG_WARN_COMMA = YES;
				CLANG_WARN_CONSTANT_CONVERSION = YES;
				CLANG_WARN_DEPRECATED_OBJC_IMPLEMENTATIONS = YES;
				CLANG_WARN_DIRECT_OBJC_ISA_USAGE = YES_ERROR;
				CLANG_WARN_DOCUMENTATION_COMMENTS = YES;
				CLANG_WARN_EMPTY_BODY = YES;
				CLANG_WARN_ENUM_CONVERSION = YES;
				CLANG_WARN_INFINITE_RECURSION = YES;
				CLANG_WARN_INT_CONVERSION = YES;
				CLANG_WARN_NON_LITERAL_NULL_CONVERSION = YES;
				CLANG_WARN_OBJC_IMPLICIT_RETAIN_SELF = YES;
				CLANG_WARN_OBJC_LITERAL_CONVERSION = YES;
				CLANG_WARN_OBJC_ROOT_CLASS = YES_ERROR;
				CLANG_WARN_QUOTED_INCLUDE_IN_FRAMEWORK_HEADER = YES;
				CLANG_WARN_RANGE_LOOP_ANALYSIS = YES;
				CLANG_WARN_STRICT_PROTOTYPES = YES;
				CLANG_WARN_SUSPICIOUS_MOVE = YES;
				CLANG_WARN_UNGUARDED_AVAILABILITY = YES_AGGRESSIVE;
				CLANG_WARN_UNREACHABLE_CODE = YES;
				CLANG_WARN__DUPLICATE_METHOD_MATCH = YES;
				COPY_PHASE_STRIP = NO;
				DEBUG_INFORMATION_FORMAT = "dwarf-with-dsym";
				ENABLE_NS_ASSERTIONS = NO;
				ENABLE_STRICT_OBJC_MSGSEND = YES;
				GCC_C_LANGUAGE_STANDARD = gnu11;
				GCC_NO_COMMON_BLOCKS = YES;
				GCC_WARN_64_TO_32_BIT_CONVERSION = YES;
				GCC_WARN_ABOUT_RETURN_TYPE = YES_ERROR;
				GCC_WARN_UNDECLARED_SELECTOR = YES;
				GCC_WARN_UNINITIALIZED_AUTOS = YES_AGGRESSIVE;
				GCC_WARN_UNUSED_FUNCTION = YES;
				GCC_WARN_UNUSED_VARIABLE = YES;
				IPHONEOS_DEPLOYMENT_TARGET = 15.4;
				MTL_ENABLE_DEBUG_INFO = NO;
				MTL_FAST_MATH = YES;
				SDKROOT = iphoneos;
				SWIFT_COMPILATION_MODE = wholemodule;
				SWIFT_OPTIMIZATION_LEVEL = "-O";
				VALIDATE_PRODUCT = YES;
			};
			name = Release;
		};
		9371057928F16FE10017BAB5 /* Debug */ = {
			isa = XCBuildConfiguration;
			baseConfigurationReference = B7DA472ACED9A5FE8A8AFC1C /* Pods-AppStoreJSON.debug.xcconfig */;
			buildSettings = {
				ASSETCATALOG_COMPILER_APPICON_NAME = AppIcon;
				ASSETCATALOG_COMPILER_GLOBAL_ACCENT_COLOR_NAME = AccentColor;
				CODE_SIGN_STYLE = Automatic;
				CURRENT_PROJECT_VERSION = 1;
				DEVELOPMENT_TEAM = LB238BK659;
				GENERATE_INFOPLIST_FILE = YES;
				INFOPLIST_FILE = AppStoreJSON/Info.plist;
				INFOPLIST_KEY_UIApplicationSupportsIndirectInputEvents = YES;
				INFOPLIST_KEY_UILaunchStoryboardName = LaunchScreen;
				INFOPLIST_KEY_UIMainStoryboardFile = Main;
				INFOPLIST_KEY_UISupportedInterfaceOrientations_iPad = "UIInterfaceOrientationPortrait UIInterfaceOrientationPortraitUpsideDown UIInterfaceOrientationLandscapeLeft UIInterfaceOrientationLandscapeRight";
				INFOPLIST_KEY_UISupportedInterfaceOrientations_iPhone = "UIInterfaceOrientationPortrait UIInterfaceOrientationLandscapeLeft UIInterfaceOrientationLandscapeRight";
				LD_RUNPATH_SEARCH_PATHS = (
					"$(inherited)",
					"@executable_path/Frameworks",
				);
				MARKETING_VERSION = 1.0;
				PRODUCT_BUNDLE_IDENTIFIER = com.redlbur.AppStoreJSON;
				PRODUCT_NAME = "$(TARGET_NAME)";
				SWIFT_EMIT_LOC_STRINGS = YES;
				SWIFT_VERSION = 5.0;
				TARGETED_DEVICE_FAMILY = 1;
			};
			name = Debug;
		};
		9371057A28F16FE10017BAB5 /* Release */ = {
			isa = XCBuildConfiguration;
			baseConfigurationReference = E1C143AB9694E553238C75CA /* Pods-AppStoreJSON.release.xcconfig */;
			buildSettings = {
				ASSETCATALOG_COMPILER_APPICON_NAME = AppIcon;
				ASSETCATALOG_COMPILER_GLOBAL_ACCENT_COLOR_NAME = AccentColor;
				CODE_SIGN_STYLE = Automatic;
				CURRENT_PROJECT_VERSION = 1;
				DEVELOPMENT_TEAM = LB238BK659;
				GENERATE_INFOPLIST_FILE = YES;
				INFOPLIST_FILE = AppStoreJSON/Info.plist;
				INFOPLIST_KEY_UIApplicationSupportsIndirectInputEvents = YES;
				INFOPLIST_KEY_UILaunchStoryboardName = LaunchScreen;
				INFOPLIST_KEY_UIMainStoryboardFile = Main;
				INFOPLIST_KEY_UISupportedInterfaceOrientations_iPad = "UIInterfaceOrientationPortrait UIInterfaceOrientationPortraitUpsideDown UIInterfaceOrientationLandscapeLeft UIInterfaceOrientationLandscapeRight";
				INFOPLIST_KEY_UISupportedInterfaceOrientations_iPhone = "UIInterfaceOrientationPortrait UIInterfaceOrientationLandscapeLeft UIInterfaceOrientationLandscapeRight";
				LD_RUNPATH_SEARCH_PATHS = (
					"$(inherited)",
					"@executable_path/Frameworks",
				);
				MARKETING_VERSION = 1.0;
				PRODUCT_BUNDLE_IDENTIFIER = com.redlbur.AppStoreJSON;
				PRODUCT_NAME = "$(TARGET_NAME)";
				SWIFT_EMIT_LOC_STRINGS = YES;
				SWIFT_VERSION = 5.0;
				TARGETED_DEVICE_FAMILY = 1;
			};
			name = Release;
		};
/* End XCBuildConfiguration section */

/* Begin XCConfigurationList section */
		9371055F28F16FE00017BAB5 /* Build configuration list for PBXProject "AppStoreJSON" */ = {
			isa = XCConfigurationList;
			buildConfigurations = (
				9371057628F16FE10017BAB5 /* Debug */,
				9371057728F16FE10017BAB5 /* Release */,
			);
			defaultConfigurationIsVisible = 0;
			defaultConfigurationName = Release;
		};
		9371057828F16FE10017BAB5 /* Build configuration list for PBXNativeTarget "AppStoreJSON" */ = {
			isa = XCConfigurationList;
			buildConfigurations = (
				9371057928F16FE10017BAB5 /* Debug */,
				9371057A28F16FE10017BAB5 /* Release */,
			);
			defaultConfigurationIsVisible = 0;
			defaultConfigurationName = Release;
		};
/* End XCConfigurationList section */
	};
	rootObject = 9371055C28F16FE00017BAB5 /* Project object */;
}
